// !$*UTF8*$!
{
	archiveVersion = 1;
	classes = {
	};
	objectVersion = 55;
	objects = {

/* Begin PBXBuildFile section */
		667C8BE7270C04B30086FDCB /* AppDelegate.swift in Sources */ = {isa = PBXBuildFile; fileRef = 667C8BE6270C04B30086FDCB /* AppDelegate.swift */; };
		667C8BE9270C04B30086FDCB /* SceneDelegate.swift in Sources */ = {isa = PBXBuildFile; fileRef = 667C8BE8270C04B30086FDCB /* SceneDelegate.swift */; };
		667C8BEB270C04B30086FDCB /* ViewController.swift in Sources */ = {isa = PBXBuildFile; fileRef = 667C8BEA270C04B30086FDCB /* ViewController.swift */; };
		667C8BEE270C04B30086FDCB /* Main.storyboard in Resources */ = {isa = PBXBuildFile; fileRef = 667C8BEC270C04B30086FDCB /* Main.storyboard */; };
		667C8BF0270C04B70086FDCB /* Assets.xcassets in Resources */ = {isa = PBXBuildFile; fileRef = 667C8BEF270C04B70086FDCB /* Assets.xcassets */; };
		667C8BF3270C04B70086FDCB /* LaunchScreen.storyboard in Resources */ = {isa = PBXBuildFile; fileRef = 667C8BF1270C04B70086FDCB /* LaunchScreen.storyboard */; };
		667C8BFE270C14310086FDCB /* Structures.swift in Sources */ = {isa = PBXBuildFile; fileRef = 667C8BFD270C14310086FDCB /* Structures.swift */; };
/* End PBXBuildFile section */

/* Begin PBXFileReference section */
		667C8BE3270C04B30086FDCB /* AsyncAwaitExcercise.app */ = {isa = PBXFileReference; explicitFileType = wrapper.application; includeInIndex = 0; path = AsyncAwaitExcercise.app; sourceTree = BUILT_PRODUCTS_DIR; };
		667C8BE6270C04B30086FDCB /* AppDelegate.swift */ = {isa = PBXFileReference; lastKnownFileType = sourcecode.swift; path = AppDelegate.swift; sourceTree = "<group>"; };
		667C8BE8270C04B30086FDCB /* SceneDelegate.swift */ = {isa = PBXFileReference; lastKnownFileType = sourcecode.swift; path = SceneDelegate.swift; sourceTree = "<group>"; };
		667C8BEA270C04B30086FDCB /* ViewController.swift */ = {isa = PBXFileReference; lastKnownFileType = sourcecode.swift; path = ViewController.swift; sourceTree = "<group>"; };
		667C8BED270C04B30086FDCB /* Base */ = {isa = PBXFileReference; lastKnownFileType = file.storyboard; name = Base; path = Base.lproj/Main.storyboard; sourceTree = "<group>"; };
		667C8BEF270C04B70086FDCB /* Assets.xcassets */ = {isa = PBXFileReference; lastKnownFileType = folder.assetcatalog; path = Assets.xcassets; sourceTree = "<group>"; };
		667C8BF2270C04B70086FDCB /* Base */ = {isa = PBXFileReference; lastKnownFileType = file.storyboard; name = Base; path = Base.lproj/LaunchScreen.storyboard; sourceTree = "<group>"; };
		667C8BF4270C04B70086FDCB /* Info.plist */ = {isa = PBXFileReference; lastKnownFileType = text.plist.xml; path = Info.plist; sourceTree = "<group>"; };
		667C8BFD270C14310086FDCB /* Structures.swift */ = {isa = PBXFileReference; lastKnownFileType = sourcecode.swift; path = Structures.swift; sourceTree = "<group>"; };
/* End PBXFileReference section */

/* Begin PBXFrameworksBuildPhase section */
		667C8BE0270C04B30086FDCB /* Frameworks */ = {
			isa = PBXFrameworksBuildPhase;
			buildActionMask = 2147483647;
			files = (
			);
			runOnlyForDeploymentPostprocessing = 0;
		};
/* End PBXFrameworksBuildPhase section */

/* Begin PBXGroup section */
		667C8BDA270C04B30086FDCB = {
			isa = PBXGroup;
			children = (
				667C8BE5270C04B30086FDCB /* AsyncAwaitExcercise */,
				667C8BE4270C04B30086FDCB /* Products */,
			);
			sourceTree = "<group>";
		};
		667C8BE4270C04B30086FDCB /* Products */ = {
			isa = PBXGroup;
			children = (
				667C8BE3270C04B30086FDCB /* AsyncAwaitExcercise.app */,
			);
			name = Products;
			sourceTree = "<group>";
		};
		667C8BE5270C04B30086FDCB /* AsyncAwaitExcercise */ = {
			isa = PBXGroup;
			children = (
				667C8BFA270C122C0086FDCB /* Models */,
				667C8BE6270C04B30086FDCB /* AppDelegate.swift */,
				667C8BE8270C04B30086FDCB /* SceneDelegate.swift */,
				667C8BEA270C04B30086FDCB /* ViewController.swift */,
				667C8BEC270C04B30086FDCB /* Main.storyboard */,
				667C8BEF270C04B70086FDCB /* Assets.xcassets */,
				667C8BF1270C04B70086FDCB /* LaunchScreen.storyboard */,
				667C8BF4270C04B70086FDCB /* Info.plist */,
			);
			path = AsyncAwaitExcercise;
			sourceTree = "<group>";
		};
		667C8BFA270C122C0086FDCB /* Models */ = {
			isa = PBXGroup;
			children = (
				667C8BFD270C14310086FDCB /* Structures.swift */,
			);
			path = Models;
			sourceTree = "<group>";
		};
/* End PBXGroup section */

/* Begin PBXNativeTarget section */
		667C8BE2270C04B30086FDCB /* AsyncAwaitExcercise */ = {
			isa = PBXNativeTarget;
			buildConfigurationList = 667C8BF7270C04B70086FDCB /* Build configuration list for PBXNativeTarget "AsyncAwaitExcercise" */;
			buildPhases = (
				667C8BDF270C04B30086FDCB /* Sources */,
				667C8BE0270C04B30086FDCB /* Frameworks */,
				667C8BE1270C04B30086FDCB /* Resources */,
			);
			buildRules = (
			);
			dependencies = (
			);
			name = AsyncAwaitExcercise;
			productName = AsyncAwaitExcercise;
			productReference = 667C8BE3270C04B30086FDCB /* AsyncAwaitExcercise.app */;
			productType = "com.apple.product-type.application";
		};
/* End PBXNativeTarget section */

/* Begin PBXProject section */
		667C8BDB270C04B30086FDCB /* Project object */ = {
			isa = PBXProject;
			attributes = {
				BuildIndependentTargetsInParallel = 1;
				LastSwiftUpdateCheck = 1300;
				LastUpgradeCheck = 1300;
				TargetAttributes = {
					667C8BE2270C04B30086FDCB = {
						CreatedOnToolsVersion = 13.0;
					};
				};
			};
			buildConfigurationList = 667C8BDE270C04B30086FDCB /* Build configuration list for PBXProject "AsyncAwaitExcercise" */;
			compatibilityVersion = "Xcode 13.0";
			developmentRegion = en;
			hasScannedForEncodings = 0;
			knownRegions = (
				en,
				Base,
			);
			mainGroup = 667C8BDA270C04B30086FDCB;
			productRefGroup = 667C8BE4270C04B30086FDCB /* Products */;
			projectDirPath = "";
			projectRoot = "";
			targets = (
				667C8BE2270C04B30086FDCB /* AsyncAwaitExcercise */,
			);
		};
/* End PBXProject section */

/* Begin PBXResourcesBuildPhase section */
		667C8BE1270C04B30086FDCB /* Resources */ = {
			isa = PBXResourcesBuildPhase;
			buildActionMask = 2147483647;
			files = (
				667C8BF3270C04B70086FDCB /* LaunchScreen.storyboard in Resources */,
				667C8BF0270C04B70086FDCB /* Assets.xcassets in Resources */,
				667C8BEE270C04B30086FDCB /* Main.storyboard in Resources */,
			);
			runOnlyForDeploymentPostprocessing = 0;
		};
/* End PBXResourcesBuildPhase section */

/* Begin PBXSourcesBuildPhase section */
		667C8BDF270C04B30086FDCB /* Sources */ = {
			isa = PBXSourcesBuildPhase;
			buildActionMask = 2147483647;
			files = (
				667C8BEB270C04B30086FDCB /* ViewController.swift in Sources */,
				667C8BE7270C04B30086FDCB /* AppDelegate.swift in Sources */,
				667C8BE9270C04B30086FDCB /* SceneDelegate.swift in Sources */,
				667C8BFE270C14310086FDCB /* Structures.swift in Sources */,
			);
			runOnlyForDeploymentPostprocessing = 0;
		};
/* End PBXSourcesBuildPhase section */

/* Begin PBXVariantGroup section */
		667C8BEC270C04B30086FDCB /* Main.storyboard */ = {
			isa = PBXVariantGroup;
			children = (
				667C8BED270C04B30086FDCB /* Base */,
			);
			name = Main.storyboard;
			sourceTree = "<group>";
		};
		667C8BF1270C04B70086FDCB /* LaunchScreen.storyboard */ = {
			isa = PBXVariantGroup;
			children = (
				667C8BF2270C04B70086FDCB /* Base */,
			);
			name = LaunchScreen.storyboard;
			sourceTree = "<group>";
		};
/* End PBXVariantGroup section */

/* Begin XCBuildConfiguration section */
		667C8BF5270C04B70086FDCB /* Debug */ = {
			isa = XCBuildConfiguration;
			buildSettings = {
				ALWAYS_SEARCH_USER_PATHS = NO;
				CLANG_ANALYZER_NONNULL = YES;
				CLANG_ANALYZER_NUMBER_OBJECT_CONVERSION = YES_AGGRESSIVE;
				CLANG_CXX_LANGUAGE_STANDARD = "gnu++17";
				CLANG_CXX_LIBRARY = "libc++";
				CLANG_ENABLE_MODULES = YES;
				CLANG_ENABLE_OBJC_ARC = YES;
				CLANG_ENABLE_OBJC_WEAK = YES;
				CLANG_WARN_BLOCK_CAPTURE_AUTORELEASING = YES;
				CLANG_WARN_BOOL_CONVERSION = YES;
				CLANG_WARN_COMMA = YES;
				CLANG_WARN_CONSTANT_CONVERSION = YES;
				CLANG_WARN_DEPRECATED_OBJC_IMPLEMENTATIONS = YES;
				CLANG_WARN_DIRECT_OBJC_ISA_USAGE = YES_ERROR;
				CLANG_WARN_DOCUMENTATION_COMMENTS = YES;
				CLANG_WARN_EMPTY_BODY = YES;
				CLANG_WARN_ENUM_CONVERSION = YES;
				CLANG_WARN_INFINITE_RECURSION = YES;
				CLANG_WARN_INT_CONVERSION = YES;
				CLANG_WARN_NON_LITERAL_NULL_CONVERSION = YES;
				CLANG_WARN_OBJC_IMPLICIT_RETAIN_SELF = YES;
				CLANG_WARN_OBJC_LITERAL_CONVERSION = YES;
				CLANG_WARN_OBJC_ROOT_CLASS = YES_ERROR;
				CLANG_WARN_QUOTED_INCLUDE_IN_FRAMEWORK_HEADER = YES;
				CLANG_WARN_RANGE_LOOP_ANALYSIS = YES;
				CLANG_WARN_STRICT_PROTOTYPES = YES;
				CLANG_WARN_SUSPICIOUS_MOVE = YES;
				CLANG_WARN_UNGUARDED_AVAILABILITY = YES_AGGRESSIVE;
				CLANG_WARN_UNREACHABLE_CODE = YES;
				CLANG_WARN__DUPLICATE_METHOD_MATCH = YES;
				COPY_PHASE_STRIP = NO;
				DEBUG_INFORMATION_FORMAT = dwarf;
				ENABLE_STRICT_OBJC_MSGSEND = YES;
				ENABLE_TESTABILITY = YES;
				GCC_C_LANGUAGE_STANDARD = gnu11;
				GCC_DYNAMIC_NO_PIC = NO;
				GCC_NO_COMMON_BLOCKS = YES;
				GCC_OPTIMIZATION_LEVEL = 0;
				GCC_PREPROCESSOR_DEFINITIONS = (
					"DEBUG=1",
					"$(inherited)",
				);
				GCC_WARN_64_TO_32_BIT_CONVERSION = YES;
				GCC_WARN_ABOUT_RETURN_TYPE = YES_ERROR;
				GCC_WARN_UNDECLARED_SELECTOR = YES;
				GCC_WARN_UNINITIALIZED_AUTOS = YES_AGGRESSIVE;
				GCC_WARN_UNUSED_FUNCTION = YES;
				GCC_WARN_UNUSED_VARIABLE = YES;
				IPHONEOS_DEPLOYMENT_TARGET = 15.0;
				MTL_ENABLE_DEBUG_INFO = INCLUDE_SOURCE;
				MTL_FAST_MATH = YES;
				ONLY_ACTIVE_ARCH = YES;
				SDKROOT = iphoneos;
				SWIFT_ACTIVE_COMPILATION_CONDITIONS = DEBUG;
				SWIFT_OPTIMIZATION_LEVEL = "-Onone";
			};
			name = Debug;
		};
		667C8BF6270C04B70086FDCB /* Release */ = {
			isa = XCBuildConfiguration;
			buildSettings = {
				ALWAYS_SEARCH_USER_PATHS = NO;
				CLANG_ANALYZER_NONNULL = YES;
				CLANG_ANALYZER_NUMBER_OBJECT_CONVERSION = YES_AGGRESSIVE;
				CLANG_CXX_LANGUAGE_STANDARD = "gnu++17";
				CLANG_CXX_LIBRARY = "libc++";
				CLANG_ENABLE_MODULES = YES;
				CLANG_ENABLE_OBJC_ARC = YES;
				CLANG_ENABLE_OBJC_WEAK = YES;
				CLANG_WARN_BLOCK_CAPTURE_AUTORELEASING = YES;
				CLANG_WARN_BOOL_CONVERSION = YES;
				CLANG_WARN_COMMA = YES;
				CLANG_WARN_CONSTANT_CONVERSION = YES;
				CLANG_WARN_DEPRECATED_OBJC_IMPLEMENTATIONS = YES;
				CLANG_WARN_DIRECT_OBJC_ISA_USAGE = YES_ERROR;
				CLANG_WARN_DOCUMENTATION_COMMENTS = YES;
				CLANG_WARN_EMPTY_BODY = YES;
				CLANG_WARN_ENUM_CONVERSION = YES;
				CLANG_WARN_INFINITE_RECURSION = YES;
				CLANG_WARN_INT_CONVERSION = YES;
				CLANG_WARN_NON_LITERAL_NULL_CONVERSION = YES;
				CLANG_WARN_OBJC_IMPLICIT_RETAIN_SELF = YES;
				CLANG_WARN_OBJC_LITERAL_CONVERSION = YES;
				CLANG_WARN_OBJC_ROOT_CLASS = YES_ERROR;
				CLANG_WARN_QUOTED_INCLUDE_IN_FRAMEWORK_HEADER = YES;
				CLANG_WARN_RANGE_LOOP_ANALYSIS = YES;
				CLANG_WARN_STRICT_PROTOTYPES = YES;
				CLANG_WARN_SUSPICIOUS_MOVE = YES;
				CLANG_WARN_UNGUARDED_AVAILABILITY = YES_AGGRESSIVE;
				CLANG_WARN_UNREACHABLE_CODE = YES;
				CLANG_WARN__DUPLICATE_METHOD_MATCH = YES;
				COPY_PHASE_STRIP = NO;
				DEBUG_INFORMATION_FORMAT = "dwarf-with-dsym";
				ENABLE_NS_ASSERTIONS = NO;
				ENABLE_STRICT_OBJC_MSGSEND = YES;
				GCC_C_LANGUAGE_STANDARD = gnu11;
				GCC_NO_COMMON_BLOCKS = YES;
				GCC_WARN_64_TO_32_BIT_CONVERSION = YES;
				GCC_WARN_ABOUT_RETURN_TYPE = YES_ERROR;
				GCC_WARN_UNDECLARED_SELECTOR = YES;
				GCC_WARN_UNINITIALIZED_AUTOS = YES_AGGRESSIVE;
				GCC_WARN_UNUSED_FUNCTION = YES;
				GCC_WARN_UNUSED_VARIABLE = YES;
				IPHONEOS_DEPLOYMENT_TARGET = 15.0;
				MTL_ENABLE_DEBUG_INFO = NO;
				MTL_FAST_MATH = YES;
				SDKROOT = iphoneos;
				SWIFT_COMPILATION_MODE = wholemodule;
				SWIFT_OPTIMIZATION_LEVEL = "-O";
				VALIDATE_PRODUCT = YES;
			};
			name = Release;
		};
		667C8BF8270C04B70086FDCB /* Debug */ = {
			isa = XCBuildConfiguration;
			buildSettings = {
				ASSETCATALOG_COMPILER_APPICON_NAME = AppIcon;
				ASSETCATALOG_COMPILER_GLOBAL_ACCENT_COLOR_NAME = AccentColor;
				CODE_SIGN_STYLE = Automatic;
				CURRENT_PROJECT_VERSION = 1;
				GENERATE_INFOPLIST_FILE = YES;
				INFOPLIST_FILE = AsyncAwaitExcercise/Info.plist;
				INFOPLIST_KEY_UIApplicationSupportsIndirectInputEvents = YES;
				INFOPLIST_KEY_UILaunchStoryboardName = LaunchScreen;
				INFOPLIST_KEY_UIMainStoryboardFile = Main;
				INFOPLIST_KEY_UISupportedInterfaceOrientations_iPad = "UIInterfaceOrientationPortrait UIInterfaceOrientationPortraitUpsideDown UIInterfaceOrientationLandscapeLeft UIInterfaceOrientationLandscapeRight";
				INFOPLIST_KEY_UISupportedInterfaceOrientations_iPhone = "UIInterfaceOrientationPortrait UIInterfaceOrientationLandscapeLeft UIInterfaceOrientationLandscapeRight";
				LD_RUNPATH_SEARCH_PATHS = (
					"$(inherited)",
					"@executable_path/Frameworks",
				);
				MARKETING_VERSION = 1.0;
				PRODUCT_BUNDLE_IDENTIFIER = galios.AsyncAwaitExcercise;
				PRODUCT_NAME = "$(TARGET_NAME)";
				SWIFT_EMIT_LOC_STRINGS = YES;
				SWIFT_VERSION = 5.0;
				TARGETED_DEVICE_FAMILY = "1,2";
			};
			name = Debug;
		};
		667C8BF9270C04B70086FDCB /* Release */ = {
			isa = XCBuildConfiguration;
			buildSettings = {
				ASSETCATALOG_COMPILER_APPICON_NAME = AppIcon;
				ASSETCATALOG_COMPILER_GLOBAL_ACCENT_COLOR_NAME = AccentColor;
				CODE_SIGN_STYLE = Automatic;
				CURRENT_PROJECT_VERSION = 1;
				GENERATE_INFOPLIST_FILE = YES;
				INFOPLIST_FILE = AsyncAwaitExcercise/Info.plist;
				INFOPLIST_KEY_UIApplicationSupportsIndirectInputEvents = YES;
				INFOPLIST_KEY_UILaunchStoryboardName = LaunchScreen;
				INFOPLIST_KEY_UIMainStoryboardFile = Main;
				INFOPLIST_KEY_UISupportedInterfaceOrientations_iPad = "UIInterfaceOrientationPortrait UIInterfaceOrientationPortraitUpsideDown UIInterfaceOrientationLandscapeLeft UIInterfaceOrientationLandscapeRight";
				INFOPLIST_KEY_UISupportedInterfaceOrientations_iPhone = "UIInterfaceOrientationPortrait UIInterfaceOrientationLandscapeLeft UIInterfaceOrientationLandscapeRight";
				LD_RUNPATH_SEARCH_PATHS = (
					"$(inherited)",
					"@executable_path/Frameworks",
				);
				MARKETING_VERSION = 1.0;
				PRODUCT_BUNDLE_IDENTIFIER = galios.AsyncAwaitExcercise;
				PRODUCT_NAME = "$(TARGET_NAME)";
				SWIFT_EMIT_LOC_STRINGS = YES;
				SWIFT_VERSION = 5.0;
				TARGETED_DEVICE_FAMILY = "1,2";
			};
			name = Release;
		};
/* End XCBuildConfiguration section */

/* Begin XCConfigurationList section */
		667C8BDE270C04B30086FDCB /* Build configuration list for PBXProject "AsyncAwaitExcercise" */ = {
			isa = XCConfigurationList;
			buildConfigurations = (
				667C8BF5270C04B70086FDCB /* Debug */,
				667C8BF6270C04B70086FDCB /* Release */,
			);
			defaultConfigurationIsVisible = 0;
			defaultConfigurationName = Release;
		};
		667C8BF7270C04B70086FDCB /* Build configuration list for PBXNativeTarget "AsyncAwaitExcercise" */ = {
			isa = XCConfigurationList;
			buildConfigurations = (
				667C8BF8270C04B70086FDCB /* Debug */,
				667C8BF9270C04B70086FDCB /* Release */,
			);
			defaultConfigurationIsVisible = 0;
			defaultConfigurationName = Release;
		};
/* End XCConfigurationList section */
	};
	rootObject = 667C8BDB270C04B30086FDCB /* Project object */;
}
